
Microsoft Visual Studio Solution File, Format Version 12.00
# Visual Studio Version 17
VisualStudioVersion = 17.4.33103.184
MinimumVisualStudioVersion = 10.0.40219.1
Project("{FAE04EC0-301F-11D3-BF4B-00C04F79EFBC}") = "ConsoleApp6", "ConsoleApp6.csproj", "{86B8FD8C-E5B7-470B-A9A0-0B4FD4957317}"
EndProject
Global
	GlobalSection(SolutionConfigurationPlatforms) = preSolution
		Debug|Any CPU = Debug|Any CPU
		Release|Any CPU = Release|Any CPU
	EndGlobalSection
	GlobalSection(ProjectConfigurationPlatforms) = postSolution
		{86B8FD8C-E5B7-470B-A9A0-0B4FD4957317}.Debug|Any CPU.ActiveCfg = Debug|Any CPU
		{86B8FD8C-E5B7-470B-A9A0-0B4FD4957317}.Debug|Any CPU.Build.0 = Debug|Any CPU
		{86B8FD8C-E5B7-470B-A9A0-0B4FD4957317}.Release|Any CPU.ActiveCfg = Release|Any CPU
		{86B8FD8C-E5B7-470B-A9A0-0B4FD4957317}.Release|Any CPU.Build.0 = Release|Any CPU
	EndGlobalSection
	GlobalSection(SolutionProperties) = preSolution
		HideSolutionNode = FALSE
	EndGlobalSection
	GlobalSection(ExtensibilityGlobals) = postSolution
		SolutionGuid = {F9F16054-DA04-4F20-8D68-0FE871528499}
	EndGlobalSection
EndGlobal
